// !$*UTF8*$!
{
	archiveVersion = 1;
	classes = {
	};
	objectVersion = 55;
	objects = {

/* Begin PBXBuildFile section */
		8459A836275F3628007E523D /* AppDelegate.swift in Sources */ = {isa = PBXBuildFile; fileRef = 8459A835275F3628007E523D /* AppDelegate.swift */; };
		8459A838275F3628007E523D /* SceneDelegate.swift in Sources */ = {isa = PBXBuildFile; fileRef = 8459A837275F3628007E523D /* SceneDelegate.swift */; };
		8459A83A275F3629007E523D /* ViewController.swift in Sources */ = {isa = PBXBuildFile; fileRef = 8459A839275F3629007E523D /* ViewController.swift */; };
		8459A83D275F3629007E523D /* Main.storyboard in Resources */ = {isa = PBXBuildFile; fileRef = 8459A83B275F3629007E523D /* Main.storyboard */; };
		8459A83F275F362A007E523D /* Assets.xcassets in Resources */ = {isa = PBXBuildFile; fileRef = 8459A83E275F362A007E523D /* Assets.xcassets */; };
		8459A842275F362A007E523D /* LaunchScreen.storyboard in Resources */ = {isa = PBXBuildFile; fileRef = 8459A840275F362A007E523D /* LaunchScreen.storyboard */; };
		8459A84D275F362A007E523D /* iOS_QUIZTests.swift in Sources */ = {isa = PBXBuildFile; fileRef = 8459A84C275F362A007E523D /* iOS_QUIZTests.swift */; };
		8459A857275F362A007E523D /* iOS_QUIZUITests.swift in Sources */ = {isa = PBXBuildFile; fileRef = 8459A856275F362A007E523D /* iOS_QUIZUITests.swift */; };
		8459A859275F362A007E523D /* iOS_QUIZUITestsLaunchTests.swift in Sources */ = {isa = PBXBuildFile; fileRef = 8459A858275F362A007E523D /* iOS_QUIZUITestsLaunchTests.swift */; };
		8459A870275F5405007E523D /* ShowAnswerViewController.swift in Sources */ = {isa = PBXBuildFile; fileRef = 8459A86F275F5405007E523D /* ShowAnswerViewController.swift */; };
		8459A872275F5F40007E523D /* ScoreViewController.swift in Sources */ = {isa = PBXBuildFile; fileRef = 8459A871275F5F40007E523D /* ScoreViewController.swift */; };
/* End PBXBuildFile section */

/* Begin PBXContainerItemProxy section */
		8459A849275F362A007E523D /* PBXContainerItemProxy */ = {
			isa = PBXContainerItemProxy;
			containerPortal = 8459A82A275F3628007E523D /* Project object */;
			proxyType = 1;
			remoteGlobalIDString = 8459A831275F3628007E523D;
			remoteInfo = "iOS QUIZ";
		};
		8459A853275F362A007E523D /* PBXContainerItemProxy */ = {
			isa = PBXContainerItemProxy;
			containerPortal = 8459A82A275F3628007E523D /* Project object */;
			proxyType = 1;
			remoteGlobalIDString = 8459A831275F3628007E523D;
			remoteInfo = "iOS QUIZ";
		};
/* End PBXContainerItemProxy section */

/* Begin PBXFileReference section */
		8459A832275F3628007E523D /* iOS QUIZ.app */ = {isa = PBXFileReference; explicitFileType = wrapper.application; includeInIndex = 0; path = "iOS QUIZ.app"; sourceTree = BUILT_PRODUCTS_DIR; };
		8459A835275F3628007E523D /* AppDelegate.swift */ = {isa = PBXFileReference; lastKnownFileType = sourcecode.swift; path = AppDelegate.swift; sourceTree = "<group>"; };
		8459A837275F3628007E523D /* SceneDelegate.swift */ = {isa = PBXFileReference; lastKnownFileType = sourcecode.swift; path = SceneDelegate.swift; sourceTree = "<group>"; };
		8459A839275F3629007E523D /* ViewController.swift */ = {isa = PBXFileReference; lastKnownFileType = sourcecode.swift; path = ViewController.swift; sourceTree = "<group>"; };
		8459A83C275F3629007E523D /* Base */ = {isa = PBXFileReference; lastKnownFileType = file.storyboard; name = Base; path = Base.lproj/Main.storyboard; sourceTree = "<group>"; };
		8459A83E275F362A007E523D /* Assets.xcassets */ = {isa = PBXFileReference; lastKnownFileType = folder.assetcatalog; path = Assets.xcassets; sourceTree = "<group>"; };
		8459A841275F362A007E523D /* Base */ = {isa = PBXFileReference; lastKnownFileType = file.storyboard; name = Base; path = Base.lproj/LaunchScreen.storyboard; sourceTree = "<group>"; };
		8459A843275F362A007E523D /* Info.plist */ = {isa = PBXFileReference; lastKnownFileType = text.plist.xml; path = Info.plist; sourceTree = "<group>"; };
		8459A848275F362A007E523D /* iOS QUIZTests.xctest */ = {isa = PBXFileReference; explicitFileType = wrapper.cfbundle; includeInIndex = 0; path = "iOS QUIZTests.xctest"; sourceTree = BUILT_PRODUCTS_DIR; };
		8459A84C275F362A007E523D /* iOS_QUIZTests.swift */ = {isa = PBXFileReference; lastKnownFileType = sourcecode.swift; path = iOS_QUIZTests.swift; sourceTree = "<group>"; };
		8459A852275F362A007E523D /* iOS QUIZUITests.xctest */ = {isa = PBXFileReference; explicitFileType = wrapper.cfbundle; includeInIndex = 0; path = "iOS QUIZUITests.xctest"; sourceTree = BUILT_PRODUCTS_DIR; };
		8459A856275F362A007E523D /* iOS_QUIZUITests.swift */ = {isa = PBXFileReference; lastKnownFileType = sourcecode.swift; path = iOS_QUIZUITests.swift; sourceTree = "<group>"; };
		8459A858275F362A007E523D /* iOS_QUIZUITestsLaunchTests.swift */ = {isa = PBXFileReference; lastKnownFileType = sourcecode.swift; path = iOS_QUIZUITestsLaunchTests.swift; sourceTree = "<group>"; };
		8459A86F275F5405007E523D /* ShowAnswerViewController.swift */ = {isa = PBXFileReference; lastKnownFileType = sourcecode.swift; path = ShowAnswerViewController.swift; sourceTree = "<group>"; };
		8459A871275F5F40007E523D /* ScoreViewController.swift */ = {isa = PBXFileReference; lastKnownFileType = sourcecode.swift; path = ScoreViewController.swift; sourceTree = "<group>"; };
/* End PBXFileReference section */

/* Begin PBXFrameworksBuildPhase section */
		8459A82F275F3628007E523D /* Frameworks */ = {
			isa = PBXFrameworksBuildPhase;
			buildActionMask = 2147483647;
			files = (
			);
			runOnlyForDeploymentPostprocessing = 0;
		};
		8459A845275F362A007E523D /* Frameworks */ = {
			isa = PBXFrameworksBuildPhase;
			buildActionMask = 2147483647;
			files = (
			);
			runOnlyForDeploymentPostprocessing = 0;
		};
		8459A84F275F362A007E523D /* Frameworks */ = {
			isa = PBXFrameworksBuildPhase;
			buildActionMask = 2147483647;
			files = (
			);
			runOnlyForDeploymentPostprocessing = 0;
		};
/* End PBXFrameworksBuildPhase section */

/* Begin PBXGroup section */
		8459A829275F3628007E523D = {
			isa = PBXGroup;
			children = (
				8459A834275F3628007E523D /* iOS QUIZ */,
				8459A84B275F362A007E523D /* iOS QUIZTests */,
				8459A855275F362A007E523D /* iOS QUIZUITests */,
				8459A833275F3628007E523D /* Products */,
			);
			sourceTree = "<group>";
		};
		8459A833275F3628007E523D /* Products */ = {
			isa = PBXGroup;
			children = (
				8459A832275F3628007E523D /* iOS QUIZ.app */,
				8459A848275F362A007E523D /* iOS QUIZTests.xctest */,
				8459A852275F362A007E523D /* iOS QUIZUITests.xctest */,
			);
			name = Products;
			sourceTree = "<group>";
		};
		8459A834275F3628007E523D /* iOS QUIZ */ = {
			isa = PBXGroup;
			children = (
				8459A835275F3628007E523D /* AppDelegate.swift */,
				8459A837275F3628007E523D /* SceneDelegate.swift */,
				8459A839275F3629007E523D /* ViewController.swift */,
				8459A86F275F5405007E523D /* ShowAnswerViewController.swift */,
				8459A871275F5F40007E523D /* ScoreViewController.swift */,
				8459A83B275F3629007E523D /* Main.storyboard */,
				8459A83E275F362A007E523D /* Assets.xcassets */,
				8459A840275F362A007E523D /* LaunchScreen.storyboard */,
				8459A843275F362A007E523D /* Info.plist */,
			);
			path = "iOS QUIZ";
			sourceTree = "<group>";
		};
		8459A84B275F362A007E523D /* iOS QUIZTests */ = {
			isa = PBXGroup;
			children = (
				8459A84C275F362A007E523D /* iOS_QUIZTests.swift */,
			);
			path = "iOS QUIZTests";
			sourceTree = "<group>";
		};
		8459A855275F362A007E523D /* iOS QUIZUITests */ = {
			isa = PBXGroup;
			children = (
				8459A856275F362A007E523D /* iOS_QUIZUITests.swift */,
				8459A858275F362A007E523D /* iOS_QUIZUITestsLaunchTests.swift */,
			);
			path = "iOS QUIZUITests";
			sourceTree = "<group>";
		};
/* End PBXGroup section */

/* Begin PBXNativeTarget section */
		8459A831275F3628007E523D /* iOS QUIZ */ = {
			isa = PBXNativeTarget;
			buildConfigurationList = 8459A85C275F362A007E523D /* Build configuration list for PBXNativeTarget "iOS QUIZ" */;
			buildPhases = (
				8459A82E275F3628007E523D /* Sources */,
				8459A82F275F3628007E523D /* Frameworks */,
				8459A830275F3628007E523D /* Resources */,
			);
			buildRules = (
			);
			dependencies = (
			);
			name = "iOS QUIZ";
			productName = "iOS QUIZ";
			productReference = 8459A832275F3628007E523D /* iOS QUIZ.app */;
			productType = "com.apple.product-type.application";
		};
		8459A847275F362A007E523D /* iOS QUIZTests */ = {
			isa = PBXNativeTarget;
			buildConfigurationList = 8459A85F275F362A007E523D /* Build configuration list for PBXNativeTarget "iOS QUIZTests" */;
			buildPhases = (
				8459A844275F362A007E523D /* Sources */,
				8459A845275F362A007E523D /* Frameworks */,
				8459A846275F362A007E523D /* Resources */,
			);
			buildRules = (
			);
			dependencies = (
				8459A84A275F362A007E523D /* PBXTargetDependency */,
			);
			name = "iOS QUIZTests";
			productName = "iOS QUIZTests";
			productReference = 8459A848275F362A007E523D /* iOS QUIZTests.xctest */;
			productType = "com.apple.product-type.bundle.unit-test";
		};
		8459A851275F362A007E523D /* iOS QUIZUITests */ = {
			isa = PBXNativeTarget;
			buildConfigurationList = 8459A862275F362A007E523D /* Build configuration list for PBXNativeTarget "iOS QUIZUITests" */;
			buildPhases = (
				8459A84E275F362A007E523D /* Sources */,
				8459A84F275F362A007E523D /* Frameworks */,
				8459A850275F362A007E523D /* Resources */,
			);
			buildRules = (
			);
			dependencies = (
				8459A854275F362A007E523D /* PBXTargetDependency */,
			);
			name = "iOS QUIZUITests";
			productName = "iOS QUIZUITests";
			productReference = 8459A852275F362A007E523D /* iOS QUIZUITests.xctest */;
			productType = "com.apple.product-type.bundle.ui-testing";
		};
/* End PBXNativeTarget section */

/* Begin PBXProject section */
		8459A82A275F3628007E523D /* Project object */ = {
			isa = PBXProject;
			attributes = {
				BuildIndependentTargetsInParallel = 1;
				LastSwiftUpdateCheck = 1300;
				LastUpgradeCheck = 1300;
				TargetAttributes = {
					8459A831275F3628007E523D = {
						CreatedOnToolsVersion = 13.0;
					};
					8459A847275F362A007E523D = {
						CreatedOnToolsVersion = 13.0;
						TestTargetID = 8459A831275F3628007E523D;
					};
					8459A851275F362A007E523D = {
						CreatedOnToolsVersion = 13.0;
						TestTargetID = 8459A831275F3628007E523D;
					};
				};
			};
			buildConfigurationList = 8459A82D275F3628007E523D /* Build configuration list for PBXProject "iOS QUIZ" */;
			compatibilityVersion = "Xcode 13.0";
			developmentRegion = en;
			hasScannedForEncodings = 0;
			knownRegions = (
				en,
				Base,
			);
			mainGroup = 8459A829275F3628007E523D;
			productRefGroup = 8459A833275F3628007E523D /* Products */;
			projectDirPath = "";
			projectRoot = "";
			targets = (
				8459A831275F3628007E523D /* iOS QUIZ */,
				8459A847275F362A007E523D /* iOS QUIZTests */,
				8459A851275F362A007E523D /* iOS QUIZUITests */,
			);
		};
/* End PBXProject section */

/* Begin PBXResourcesBuildPhase section */
		8459A830275F3628007E523D /* Resources */ = {
			isa = PBXResourcesBuildPhase;
			buildActionMask = 2147483647;
			files = (
				8459A842275F362A007E523D /* LaunchScreen.storyboard in Resources */,
				8459A83F275F362A007E523D /* Assets.xcassets in Resources */,
				8459A83D275F3629007E523D /* Main.storyboard in Resources */,
			);
			runOnlyForDeploymentPostprocessing = 0;
		};
		8459A846275F362A007E523D /* Resources */ = {
			isa = PBXResourcesBuildPhase;
			buildActionMask = 2147483647;
			files = (
			);
			runOnlyForDeploymentPostprocessing = 0;
		};
		8459A850275F362A007E523D /* Resources */ = {
			isa = PBXResourcesBuildPhase;
			buildActionMask = 2147483647;
			files = (
			);
			runOnlyForDeploymentPostprocessing = 0;
		};
/* End PBXResourcesBuildPhase section */

/* Begin PBXSourcesBuildPhase section */
		8459A82E275F3628007E523D /* Sources */ = {
			isa = PBXSourcesBuildPhase;
			buildActionMask = 2147483647;
			files = (
				8459A83A275F3629007E523D /* ViewController.swift in Sources */,
				8459A870275F5405007E523D /* ShowAnswerViewController.swift in Sources */,
				8459A872275F5F40007E523D /* ScoreViewController.swift in Sources */,
				8459A836275F3628007E523D /* AppDelegate.swift in Sources */,
				8459A838275F3628007E523D /* SceneDelegate.swift in Sources */,
			);
			runOnlyForDeploymentPostprocessing = 0;
		};
		8459A844275F362A007E523D /* Sources */ = {
			isa = PBXSourcesBuildPhase;
			buildActionMask = 2147483647;
			files = (
				8459A84D275F362A007E523D /* iOS_QUIZTests.swift in Sources */,
			);
			runOnlyForDeploymentPostprocessing = 0;
		};
		8459A84E275F362A007E523D /* Sources */ = {
			isa = PBXSourcesBuildPhase;
			buildActionMask = 2147483647;
			files = (
				8459A859275F362A007E523D /* iOS_QUIZUITestsLaunchTests.swift in Sources */,
				8459A857275F362A007E523D /* iOS_QUIZUITests.swift in Sources */,
			);
			runOnlyForDeploymentPostprocessing = 0;
		};
/* End PBXSourcesBuildPhase section */

/* Begin PBXTargetDependency section */
		8459A84A275F362A007E523D /* PBXTargetDependency */ = {
			isa = PBXTargetDependency;
			target = 8459A831275F3628007E523D /* iOS QUIZ */;
			targetProxy = 8459A849275F362A007E523D /* PBXContainerItemProxy */;
		};
		8459A854275F362A007E523D /* PBXTargetDependency */ = {
			isa = PBXTargetDependency;
			target = 8459A831275F3628007E523D /* iOS QUIZ */;
			targetProxy = 8459A853275F362A007E523D /* PBXContainerItemProxy */;
		};
/* End PBXTargetDependency section */

/* Begin PBXVariantGroup section */
		8459A83B275F3629007E523D /* Main.storyboard */ = {
			isa = PBXVariantGroup;
			children = (
				8459A83C275F3629007E523D /* Base */,
			);
			name = Main.storyboard;
			sourceTree = "<group>";
		};
		8459A840275F362A007E523D /* LaunchScreen.storyboard */ = {
			isa = PBXVariantGroup;
			children = (
				8459A841275F362A007E523D /* Base */,
			);
			name = LaunchScreen.storyboard;
			sourceTree = "<group>";
		};
/* End PBXVariantGroup section */

/* Begin XCBuildConfiguration section */
		8459A85A275F362A007E523D /* Debug */ = {
			isa = XCBuildConfiguration;
			buildSettings = {
				ALWAYS_SEARCH_USER_PATHS = NO;
				CLANG_ANALYZER_NONNULL = YES;
				CLANG_ANALYZER_NUMBER_OBJECT_CONVERSION = YES_AGGRESSIVE;
				CLANG_CXX_LANGUAGE_STANDARD = "gnu++17";
				CLANG_CXX_LIBRARY = "libc++";
				CLANG_ENABLE_MODULES = YES;
				CLANG_ENABLE_OBJC_ARC = YES;
				CLANG_ENABLE_OBJC_WEAK = YES;
				CLANG_WARN_BLOCK_CAPTURE_AUTORELEASING = YES;
				CLANG_WARN_BOOL_CONVERSION = YES;
				CLANG_WARN_COMMA = YES;
				CLANG_WARN_CONSTANT_CONVERSION = YES;
				CLANG_WARN_DEPRECATED_OBJC_IMPLEMENTATIONS = YES;
				CLANG_WARN_DIRECT_OBJC_ISA_USAGE = YES_ERROR;
				CLANG_WARN_DOCUMENTATION_COMMENTS = YES;
				CLANG_WARN_EMPTY_BODY = YES;
				CLANG_WARN_ENUM_CONVERSION = YES;
				CLANG_WARN_INFINITE_RECURSION = YES;
				CLANG_WARN_INT_CONVERSION = YES;
				CLANG_WARN_NON_LITERAL_NULL_CONVERSION = YES;
				CLANG_WARN_OBJC_IMPLICIT_RETAIN_SELF = YES;
				CLANG_WARN_OBJC_LITERAL_CONVERSION = YES;
				CLANG_WARN_OBJC_ROOT_CLASS = YES_ERROR;
				CLANG_WARN_QUOTED_INCLUDE_IN_FRAMEWORK_HEADER = YES;
				CLANG_WARN_RANGE_LOOP_ANALYSIS = YES;
				CLANG_WARN_STRICT_PROTOTYPES = YES;
				CLANG_WARN_SUSPICIOUS_MOVE = YES;
				CLANG_WARN_UNGUARDED_AVAILABILITY = YES_AGGRESSIVE;
				CLANG_WARN_UNREACHABLE_CODE = YES;
				CLANG_WARN__DUPLICATE_METHOD_MATCH = YES;
				COPY_PHASE_STRIP = NO;
				DEBUG_INFORMATION_FORMAT = dwarf;
				ENABLE_STRICT_OBJC_MSGSEND = YES;
				ENABLE_TESTABILITY = YES;
				GCC_C_LANGUAGE_STANDARD = gnu11;
				GCC_DYNAMIC_NO_PIC = NO;
				GCC_NO_COMMON_BLOCKS = YES;
				GCC_OPTIMIZATION_LEVEL = 0;
				GCC_PREPROCESSOR_DEFINITIONS = (
					"DEBUG=1",
					"$(inherited)",
				);
				GCC_WARN_64_TO_32_BIT_CONVERSION = YES;
				GCC_WARN_ABOUT_RETURN_TYPE = YES_ERROR;
				GCC_WARN_UNDECLARED_SELECTOR = YES;
				GCC_WARN_UNINITIALIZED_AUTOS = YES_AGGRESSIVE;
				GCC_WARN_UNUSED_FUNCTION = YES;
				GCC_WARN_UNUSED_VARIABLE = YES;
				IPHONEOS_DEPLOYMENT_TARGET = 15.0;
				MTL_ENABLE_DEBUG_INFO = INCLUDE_SOURCE;
				MTL_FAST_MATH = YES;
				ONLY_ACTIVE_ARCH = YES;
				SDKROOT = iphoneos;
				SWIFT_ACTIVE_COMPILATION_CONDITIONS = DEBUG;
				SWIFT_OPTIMIZATION_LEVEL = "-Onone";
			};
			name = Debug;
		};
		8459A85B275F362A007E523D /* Release */ = {
			isa = XCBuildConfiguration;
			buildSettings = {
				ALWAYS_SEARCH_USER_PATHS = NO;
				CLANG_ANALYZER_NONNULL = YES;
				CLANG_ANALYZER_NUMBER_OBJECT_CONVERSION = YES_AGGRESSIVE;
				CLANG_CXX_LANGUAGE_STANDARD = "gnu++17";
				CLANG_CXX_LIBRARY = "libc++";
				CLANG_ENABLE_MODULES = YES;
				CLANG_ENABLE_OBJC_ARC = YES;
				CLANG_ENABLE_OBJC_WEAK = YES;
				CLANG_WARN_BLOCK_CAPTURE_AUTORELEASING = YES;
				CLANG_WARN_BOOL_CONVERSION = YES;
				CLANG_WARN_COMMA = YES;
				CLANG_WARN_CONSTANT_CONVERSION = YES;
				CLANG_WARN_DEPRECATED_OBJC_IMPLEMENTATIONS = YES;
				CLANG_WARN_DIRECT_OBJC_ISA_USAGE = YES_ERROR;
				CLANG_WARN_DOCUMENTATION_COMMENTS = YES;
				CLANG_WARN_EMPTY_BODY = YES;
				CLANG_WARN_ENUM_CONVERSION = YES;
				CLANG_WARN_INFINITE_RECURSION = YES;
				CLANG_WARN_INT_CONVERSION = YES;
				CLANG_WARN_NON_LITERAL_NULL_CONVERSION = YES;
				CLANG_WARN_OBJC_IMPLICIT_RETAIN_SELF = YES;
				CLANG_WARN_OBJC_LITERAL_CONVERSION = YES;
				CLANG_WARN_OBJC_ROOT_CLASS = YES_ERROR;
				CLANG_WARN_QUOTED_INCLUDE_IN_FRAMEWORK_HEADER = YES;
				CLANG_WARN_RANGE_LOOP_ANALYSIS = YES;
				CLANG_WARN_STRICT_PROTOTYPES = YES;
				CLANG_WARN_SUSPICIOUS_MOVE = YES;
				CLANG_WARN_UNGUARDED_AVAILABILITY = YES_AGGRESSIVE;
				CLANG_WARN_UNREACHABLE_CODE = YES;
				CLANG_WARN__DUPLICATE_METHOD_MATCH = YES;
				COPY_PHASE_STRIP = NO;
				DEBUG_INFORMATION_FORMAT = "dwarf-with-dsym";
				ENABLE_NS_ASSERTIONS = NO;
				ENABLE_STRICT_OBJC_MSGSEND = YES;
				GCC_C_LANGUAGE_STANDARD = gnu11;
				GCC_NO_COMMON_BLOCKS = YES;
				GCC_WARN_64_TO_32_BIT_CONVERSION = YES;
				GCC_WARN_ABOUT_RETURN_TYPE = YES_ERROR;
				GCC_WARN_UNDECLARED_SELECTOR = YES;
				GCC_WARN_UNINITIALIZED_AUTOS = YES_AGGRESSIVE;
				GCC_WARN_UNUSED_FUNCTION = YES;
				GCC_WARN_UNUSED_VARIABLE = YES;
				IPHONEOS_DEPLOYMENT_TARGET = 15.0;
				MTL_ENABLE_DEBUG_INFO = NO;
				MTL_FAST_MATH = YES;
				SDKROOT = iphoneos;
				SWIFT_COMPILATION_MODE = wholemodule;
				SWIFT_OPTIMIZATION_LEVEL = "-O";
				VALIDATE_PRODUCT = YES;
			};
			name = Release;
		};
		8459A85D275F362A007E523D /* Debug */ = {
			isa = XCBuildConfiguration;
			buildSettings = {
				ASSETCATALOG_COMPILER_APPICON_NAME = AppIcon;
				ASSETCATALOG_COMPILER_GLOBAL_ACCENT_COLOR_NAME = AccentColor;
				CODE_SIGN_STYLE = Automatic;
				CURRENT_PROJECT_VERSION = 1;
				GENERATE_INFOPLIST_FILE = YES;
				INFOPLIST_FILE = "iOS QUIZ/Info.plist";
				INFOPLIST_KEY_UIApplicationSupportsIndirectInputEvents = YES;
				INFOPLIST_KEY_UILaunchStoryboardName = LaunchScreen;
				INFOPLIST_KEY_UIMainStoryboardFile = Main;
				INFOPLIST_KEY_UISupportedInterfaceOrientations_iPad = "UIInterfaceOrientationPortrait UIInterfaceOrientationPortraitUpsideDown UIInterfaceOrientationLandscapeLeft UIInterfaceOrientationLandscapeRight";
				INFOPLIST_KEY_UISupportedInterfaceOrientations_iPhone = "UIInterfaceOrientationPortrait UIInterfaceOrientationLandscapeLeft UIInterfaceOrientationLandscapeRight";
				LD_RUNPATH_SEARCH_PATHS = (
					"$(inherited)",
					"@executable_path/Frameworks",
				);
				MARKETING_VERSION = 1.0;
				PRODUCT_BUNDLE_IDENTIFIER = "Abdulrahman-alsultan.iOS-QUIZ";
				PRODUCT_NAME = "$(TARGET_NAME)";
				SWIFT_EMIT_LOC_STRINGS = YES;
				SWIFT_VERSION = 5.0;
				TARGETED_DEVICE_FAMILY = "1,2";
			};
			name = Debug;
		};
		8459A85E275F362A007E523D /* Release */ = {
			isa = XCBuildConfiguration;
			buildSettings = {
				ASSETCATALOG_COMPILER_APPICON_NAME = AppIcon;
				ASSETCATALOG_COMPILER_GLOBAL_ACCENT_COLOR_NAME = AccentColor;
				CODE_SIGN_STYLE = Automatic;
				CURRENT_PROJECT_VERSION = 1;
				GENERATE_INFOPLIST_FILE = YES;
				INFOPLIST_FILE = "iOS QUIZ/Info.plist";
				INFOPLIST_KEY_UIApplicationSupportsIndirectInputEvents = YES;
				INFOPLIST_KEY_UILaunchStoryboardName = LaunchScreen;
				INFOPLIST_KEY_UIMainStoryboardFile = Main;
				INFOPLIST_KEY_UISupportedInterfaceOrientations_iPad = "UIInterfaceOrientationPortrait UIInterfaceOrientationPortraitUpsideDown UIInterfaceOrientationLandscapeLeft UIInterfaceOrientationLandscapeRight";
				INFOPLIST_KEY_UISupportedInterfaceOrientations_iPhone = "UIInterfaceOrientationPortrait UIInterfaceOrientationLandscapeLeft UIInterfaceOrientationLandscapeRight";
				LD_RUNPATH_SEARCH_PATHS = (
					"$(inherited)",
					"@executable_path/Frameworks",
				);
				MARKETING_VERSION = 1.0;
				PRODUCT_BUNDLE_IDENTIFIER = "Abdulrahman-alsultan.iOS-QUIZ";
				PRODUCT_NAME = "$(TARGET_NAME)";
				SWIFT_EMIT_LOC_STRINGS = YES;
				SWIFT_VERSION = 5.0;
				TARGETED_DEVICE_FAMILY = "1,2";
			};
			name = Release;
		};
		8459A860275F362A007E523D /* Debug */ = {
			isa = XCBuildConfiguration;
			buildSettings = {
				ALWAYS_EMBED_SWIFT_STANDARD_LIBRARIES = YES;
				BUNDLE_LOADER = "$(TEST_HOST)";
				CODE_SIGN_STYLE = Automatic;
				CURRENT_PROJECT_VERSION = 1;
				GENERATE_INFOPLIST_FILE = YES;
				IPHONEOS_DEPLOYMENT_TARGET = 15.0;
				LD_RUNPATH_SEARCH_PATHS = (
					"$(inherited)",
					"@executable_path/Frameworks",
					"@loader_path/Frameworks",
				);
				MARKETING_VERSION = 1.0;
				PRODUCT_BUNDLE_IDENTIFIER = "Abdulrahman-alsultan.iOS-QUIZTests";
				PRODUCT_NAME = "$(TARGET_NAME)";
				SWIFT_EMIT_LOC_STRINGS = NO;
				SWIFT_VERSION = 5.0;
				TARGETED_DEVICE_FAMILY = "1,2";
				TEST_HOST = "$(BUILT_PRODUCTS_DIR)/iOS QUIZ.app/iOS QUIZ";
			};
			name = Debug;
		};
		8459A861275F362A007E523D /* Release */ = {
			isa = XCBuildConfiguration;
			buildSettings = {
				ALWAYS_EMBED_SWIFT_STANDARD_LIBRARIES = YES;
				BUNDLE_LOADER = "$(TEST_HOST)";
				CODE_SIGN_STYLE = Automatic;
				CURRENT_PROJECT_VERSION = 1;
				GENERATE_INFOPLIST_FILE = YES;
				IPHONEOS_DEPLOYMENT_TARGET = 15.0;
				LD_RUNPATH_SEARCH_PATHS = (
					"$(inherited)",
					"@executable_path/Frameworks",
					"@loader_path/Frameworks",
				);
				MARKETING_VERSION = 1.0;
				PRODUCT_BUNDLE_IDENTIFIER = "Abdulrahman-alsultan.iOS-QUIZTests";
				PRODUCT_NAME = "$(TARGET_NAME)";
				SWIFT_EMIT_LOC_STRINGS = NO;
				SWIFT_VERSION = 5.0;
				TARGETED_DEVICE_FAMILY = "1,2";
				TEST_HOST = "$(BUILT_PRODUCTS_DIR)/iOS QUIZ.app/iOS QUIZ";
			};
			name = Release;
		};
		8459A863275F362A007E523D /* Debug */ = {
			isa = XCBuildConfiguration;
			buildSettings = {
				ALWAYS_EMBED_SWIFT_STANDARD_LIBRARIES = YES;
				CODE_SIGN_STYLE = Automatic;
				CURRENT_PROJECT_VERSION = 1;
				GENERATE_INFOPLIST_FILE = YES;
				LD_RUNPATH_SEARCH_PATHS = (
					"$(inherited)",
					"@executable_path/Frameworks",
					"@loader_path/Frameworks",
				);
				MARKETING_VERSION = 1.0;
				PRODUCT_BUNDLE_IDENTIFIER = "Abdulrahman-alsultan.iOS-QUIZUITests";
				PRODUCT_NAME = "$(TARGET_NAME)";
				SWIFT_EMIT_LOC_STRINGS = NO;
				SWIFT_VERSION = 5.0;
				TARGETED_DEVICE_FAMILY = "1,2";
				TEST_TARGET_NAME = "iOS QUIZ";
			};
			name = Debug;
		};
		8459A864275F362A007E523D /* Release */ = {
			isa = XCBuildConfiguration;
			buildSettings = {
				ALWAYS_EMBED_SWIFT_STANDARD_LIBRARIES = YES;
				CODE_SIGN_STYLE = Automatic;
				CURRENT_PROJECT_VERSION = 1;
				GENERATE_INFOPLIST_FILE = YES;
				LD_RUNPATH_SEARCH_PATHS = (
					"$(inherited)",
					"@executable_path/Frameworks",
					"@loader_path/Frameworks",
				);
				MARKETING_VERSION = 1.0;
				PRODUCT_BUNDLE_IDENTIFIER = "Abdulrahman-alsultan.iOS-QUIZUITests";
				PRODUCT_NAME = "$(TARGET_NAME)";
				SWIFT_EMIT_LOC_STRINGS = NO;
				SWIFT_VERSION = 5.0;
				TARGETED_DEVICE_FAMILY = "1,2";
				TEST_TARGET_NAME = "iOS QUIZ";
			};
			name = Release;
		};
/* End XCBuildConfiguration section */

/* Begin XCConfigurationList section */
		8459A82D275F3628007E523D /* Build configuration list for PBXProject "iOS QUIZ" */ = {
			isa = XCConfigurationList;
			buildConfigurations = (
				8459A85A275F362A007E523D /* Debug */,
				8459A85B275F362A007E523D /* Release */,
			);
			defaultConfigurationIsVisible = 0;
			defaultConfigurationName = Release;
		};
		8459A85C275F362A007E523D /* Build configuration list for PBXNativeTarget "iOS QUIZ" */ = {
			isa = XCConfigurationList;
			buildConfigurations = (
				8459A85D275F362A007E523D /* Debug */,
				8459A85E275F362A007E523D /* Release */,
			);
			defaultConfigurationIsVisible = 0;
			defaultConfigurationName = Release;
		};
		8459A85F275F362A007E523D /* Build configuration list for PBXNativeTarget "iOS QUIZTests" */ = {
			isa = XCConfigurationList;
			buildConfigurations = (
				8459A860275F362A007E523D /* Debug */,
				8459A861275F362A007E523D /* Release */,
			);
			defaultConfigurationIsVisible = 0;
			defaultConfigurationName = Release;
		};
		8459A862275F362A007E523D /* Build configuration list for PBXNativeTarget "iOS QUIZUITests" */ = {
			isa = XCConfigurationList;
			buildConfigurations = (
				8459A863275F362A007E523D /* Debug */,
				8459A864275F362A007E523D /* Release */,
			);
			defaultConfigurationIsVisible = 0;
			defaultConfigurationName = Release;
		};
/* End XCConfigurationList section */
	};
	rootObject = 8459A82A275F3628007E523D /* Project object */;
}
